lockfileVersion: '9.0'

settings:
  autoInstallPeers: true
  excludeLinksFromLockfile: false

importers:

  .:
    dependencies:
      '@auth0/auth0-spa-js':
        specifier: ^2.0.0
        version: 2.11.0
    devDependencies:
      typescript:
        specifier: ^5.0.0
        version: 5.9.3

packages:

  '@auth0/auth0-spa-js@2.11.0':
    resolution: {integrity: sha512-MZuUkB6cYAWm2uswWhEj8aMS7sw6zx8cs5YyPbrHCF+MlScLgfOkUnGe0tbnv7592xQ6M2h4lB66WyemFQEmPA==}

  browser-tabs-lock@1.3.0:
    resolution: {integrity: sha512-g6nHaobTiT0eMZ7jh16YpD2kcjAp+PInbiVq3M1x6KKaEIVhT4v9oURNIpZLOZ3LQbQ3XYfNhMAb/9hzNLIWrw==}

  dpop@2.1.1:
    resolution: {integrity: sha512-J0Of2JTiM4h5si0tlbPQ/lkqfZ5wAEVkKYBhkwyyANnPJfWH4VsR5uIkZ+T+OSPIwDYUg1fbd5Mmodd25HjY1w==}

  es-cookie@1.3.2:
    resolution: {integrity: sha512-UTlYYhXGLOy05P/vKVT2Ui7WtC7NiRzGtJyAKKn32g5Gvcjn7KAClLPWlipCtxIus934dFg9o9jXiBL0nP+t9Q==}

  lodash@4.17.21:
    resolution: {integrity: sha512-v2kDEe57lecTulaDIuNTPy3Ry4gLGJ6Z1O3vE1krgXZNrsQ+LFTGHVxVjcXPs17LhbZVGedAJv8XZ1tvj5FvSg==}

  typescript@5.9.3:
    resolution: {integrity: sha512-jl1vZzPDinLr9eUt3J/t7V6FgNEw9QjvBPdysz9KfQDD41fQrC2Y4vKQdiaUpFT4bXlb1RHhLpp8wtm6M5TgSw==}
    engines: {node: '>=14.17'}
    hasBin: true

snapshots:

  '@auth0/auth0-spa-js@2.11.0':
    dependencies:
      browser-tabs-lock: 1.3.0
      dpop: 2.1.1
      es-cookie: 1.3.2

  browser-tabs-lock@1.3.0:
    dependencies:
      lodash: 4.17.21

  dpop@2.1.1: {}

  es-cookie@1.3.2: {}

  lodash@4.17.21: {}

  typescript@5.9.3: {}
